
Microsoft Visual Studio Solution File, Format Version 12.00
# Visual Studio 15
VisualStudioVersion = 15.0.27130.2010
MinimumVisualStudioVersion = 10.0.40219.1
Project("{9092AA53-FB77-4645-B42D-1CCCA6BD08BD}") = "scienceProj2nd", "scienceProj2nd.njsproj", "{325D4A44-9073-46A1-9DE3-9B3F4241A05D}"
EndProject
Global
	GlobalSection(SolutionConfigurationPlatforms) = preSolution
		Debug|Any CPU = Debug|Any CPU
		Release|Any CPU = Release|Any CPU
	EndGlobalSection
	GlobalSection(ProjectConfigurationPlatforms) = postSolution
		{325D4A44-9073-46A1-9DE3-9B3F4241A05D}.Debug|Any CPU.ActiveCfg = Debug|Any CPU
		{325D4A44-9073-46A1-9DE3-9B3F4241A05D}.Debug|Any CPU.Build.0 = Debug|Any CPU
		{325D4A44-9073-46A1-9DE3-9B3F4241A05D}.Release|Any CPU.ActiveCfg = Release|Any CPU
		{325D4A44-9073-46A1-9DE3-9B3F4241A05D}.Release|Any CPU.Build.0 = Release|Any CPU
	EndGlobalSection
	GlobalSection(SolutionProperties) = preSolution
		HideSolutionNode = FALSE
	EndGlobalSection
	GlobalSection(ExtensibilityGlobals) = postSolution
		SolutionGuid = {A0EEFA84-5DFE-4933-98CA-FCD9CBC3D676}
	EndGlobalSection
EndGlobal
